
Microsoft Visual Studio Solution File, Format Version 12.00
# Visual Studio Version 16
VisualStudioVersion = 16.0.31205.134
MinimumVisualStudioVersion = 10.0.40219.1
Project("{FAE04EC0-301F-11D3-BF4B-00C04F79EFBC}") = "CabInvoiceGenerator", "CabInvoiceGenerator\CabInvoiceGenerator.csproj", "{25601867-C472-4630-8CA8-7BE344CC26D4}"
EndProject
Project("{FAE04EC0-301F-11D3-BF4B-00C04F79EFBC}") = "CabInVoiceTest", "CabInVoiceTest\CabInVoiceTest.csproj", "{54571F2D-7C03-408A-9448-4D858686E90C}"
EndProject
Global
	GlobalSection(SolutionConfigurationPlatforms) = preSolution
		Debug|Any CPU = Debug|Any CPU
		Release|Any CPU = Release|Any CPU
	EndGlobalSection
	GlobalSection(ProjectConfigurationPlatforms) = postSolution
		{25601867-C472-4630-8CA8-7BE344CC26D4}.Debug|Any CPU.ActiveCfg = Debug|Any CPU
		{25601867-C472-4630-8CA8-7BE344CC26D4}.Debug|Any CPU.Build.0 = Debug|Any CPU
		{25601867-C472-4630-8CA8-7BE344CC26D4}.Release|Any CPU.ActiveCfg = Release|Any CPU
		{25601867-C472-4630-8CA8-7BE344CC26D4}.Release|Any CPU.Build.0 = Release|Any CPU
		{54571F2D-7C03-408A-9448-4D858686E90C}.Debug|Any CPU.ActiveCfg = Debug|Any CPU
		{54571F2D-7C03-408A-9448-4D858686E90C}.Debug|Any CPU.Build.0 = Debug|Any CPU
		{54571F2D-7C03-408A-9448-4D858686E90C}.Release|Any CPU.ActiveCfg = Release|Any CPU
		{54571F2D-7C03-408A-9448-4D858686E90C}.Release|Any CPU.Build.0 = Release|Any CPU
	EndGlobalSection
	GlobalSection(SolutionProperties) = preSolution
		HideSolutionNode = FALSE
	EndGlobalSection
	GlobalSection(ExtensibilityGlobals) = postSolution
		SolutionGuid = {ABD0F075-654E-498C-B7BE-B32C4112BA2C}
	EndGlobalSection
EndGlobal
